
Microsoft Visual Studio Solution File, Format Version 12.00
# Visual Studio Version 17
VisualStudioVersion = 17.5.33627.172
MinimumVisualStudioVersion = 10.0.40219.1
Project("{FAE04EC0-301F-11D3-BF4B-00C04F79EFBC}") = "MatchGame", "MatchGame\MatchGame.csproj", "{C5FD4EBA-EE5F-41B7-B5E4-146091B48A81}"
EndProject
Global
	GlobalSection(SolutionConfigurationPlatforms) = preSolution
		Debug|Any CPU = Debug|Any CPU
		Release|Any CPU = Release|Any CPU
	EndGlobalSection
	GlobalSection(ProjectConfigurationPlatforms) = postSolution
		{C5FD4EBA-EE5F-41B7-B5E4-146091B48A81}.Debug|Any CPU.ActiveCfg = Debug|Any CPU
		{C5FD4EBA-EE5F-41B7-B5E4-146091B48A81}.Debug|Any CPU.Build.0 = Debug|Any CPU
		{C5FD4EBA-EE5F-41B7-B5E4-146091B48A81}.Release|Any CPU.ActiveCfg = Release|Any CPU
		{C5FD4EBA-EE5F-41B7-B5E4-146091B48A81}.Release|Any CPU.Build.0 = Release|Any CPU
	EndGlobalSection
	GlobalSection(SolutionProperties) = preSolution
		HideSolutionNode = FALSE
	EndGlobalSection
	GlobalSection(ExtensibilityGlobals) = postSolution
		SolutionGuid = {F5CCEBE1-D085-4788-9E14-D6EB2E6FA444}
	EndGlobalSection
EndGlobal
